
Microsoft Visual Studio Solution File, Format Version 12.00
# Visual Studio Version 17
VisualStudioVersion = 17.13.35931.197 d17.13
MinimumVisualStudioVersion = 10.0.40219.1
Project("{FAE04EC0-301F-11D3-BF4B-00C04F79EFBC}") = "OnlineShopWebApp1!", "OnlineShopWebApp1!\OnlineShopWebApp1!.csproj", "{CC201A1F-BC0F-423F-B885-875EF13F3B2B}"
EndProject
Global
	GlobalSection(SolutionConfigurationPlatforms) = preSolution
		Debug|Any CPU = Debug|Any CPU
		Release|Any CPU = Release|Any CPU
	EndGlobalSection
	GlobalSection(ProjectConfigurationPlatforms) = postSolution
		{CC201A1F-BC0F-423F-B885-875EF13F3B2B}.Debug|Any CPU.ActiveCfg = Debug|Any CPU
		{CC201A1F-BC0F-423F-B885-875EF13F3B2B}.Debug|Any CPU.Build.0 = Debug|Any CPU
		{CC201A1F-BC0F-423F-B885-875EF13F3B2B}.Release|Any CPU.ActiveCfg = Release|Any CPU
		{CC201A1F-BC0F-423F-B885-875EF13F3B2B}.Release|Any CPU.Build.0 = Release|Any CPU
	EndGlobalSection
	GlobalSection(SolutionProperties) = preSolution
		HideSolutionNode = FALSE
	EndGlobalSection
	GlobalSection(ExtensibilityGlobals) = postSolution
		SolutionGuid = {24BA4965-064A-458E-9FD5-1A97B54C7817}
	EndGlobalSection
EndGlobal
